
Microsoft Visual Studio Solution File, Format Version 12.00
# Visual Studio 2013
VisualStudioVersion = 12.0.31101.0
MinimumVisualStudioVersion = 10.0.40219.1
Project("{2150E333-8FDC-42A3-9474-1A3956D46DE8}") = "Solution Items", "Solution Items", "{42706752-2E97-434C-9C30-4A3C9D894972}"
	ProjectSection(SolutionItems) = preProject
		readme.txt = readme.txt
	EndProjectSection
EndProject
Project("{FAE04EC0-301F-11D3-BF4B-00C04F79EFBC}") = "Xero.Accounting.Tests", "Xero.Accounting.Tests\Xero.Accounting.Tests.csproj", "{97B63EE4-1944-4103-8502-41AC2B514448}"
EndProject
Project("{FAE04EC0-301F-11D3-BF4B-00C04F79EFBC}") = "Xero.Accounting", "Xero.Accounting\Xero.Accounting.csproj", "{2E2627F6-2712-4695-9D22-52C40C5966E1}"
EndProject
Project("{FAE04EC0-301F-11D3-BF4B-00C04F79EFBC}") = "XeroTechnicalTest", "XeroTechnicalTest\XeroTechnicalTest.csproj", "{91D74A29-7702-4E98-BB3B-441A27217685}"
EndProject
Global
	GlobalSection(SolutionConfigurationPlatforms) = preSolution
		Debug|Any CPU = Debug|Any CPU
		Release|Any CPU = Release|Any CPU
	EndGlobalSection
	GlobalSection(ProjectConfigurationPlatforms) = postSolution
		{97B63EE4-1944-4103-8502-41AC2B514448}.Debug|Any CPU.ActiveCfg = Debug|Any CPU
		{97B63EE4-1944-4103-8502-41AC2B514448}.Debug|Any CPU.Build.0 = Debug|Any CPU
		{97B63EE4-1944-4103-8502-41AC2B514448}.Release|Any CPU.ActiveCfg = Release|Any CPU
		{97B63EE4-1944-4103-8502-41AC2B514448}.Release|Any CPU.Build.0 = Release|Any CPU
		{2E2627F6-2712-4695-9D22-52C40C5966E1}.Debug|Any CPU.ActiveCfg = Debug|Any CPU
		{2E2627F6-2712-4695-9D22-52C40C5966E1}.Debug|Any CPU.Build.0 = Debug|Any CPU
		{2E2627F6-2712-4695-9D22-52C40C5966E1}.Release|Any CPU.ActiveCfg = Release|Any CPU
		{2E2627F6-2712-4695-9D22-52C40C5966E1}.Release|Any CPU.Build.0 = Release|Any CPU
		{91D74A29-7702-4E98-BB3B-441A27217685}.Debug|Any CPU.ActiveCfg = Debug|Any CPU
		{91D74A29-7702-4E98-BB3B-441A27217685}.Debug|Any CPU.Build.0 = Debug|Any CPU
		{91D74A29-7702-4E98-BB3B-441A27217685}.Release|Any CPU.ActiveCfg = Release|Any CPU
		{91D74A29-7702-4E98-BB3B-441A27217685}.Release|Any CPU.Build.0 = Release|Any CPU
	EndGlobalSection
	GlobalSection(SolutionProperties) = preSolution
		HideSolutionNode = FALSE
	EndGlobalSection
EndGlobal
